{
  "version": 4,
  "terraform_version": "0.12.18",
  "serial": 148,
  "lineage": "848a5592-0aed-8728-facb-20926dbe32f6",
  "outputs": {
    "kubeone_api": {
      "value": {
        "endpoint": "udagram-api-lb-107825066.us-east-1.elb.amazonaws.com"
      },
      "type": [
        "object",
        {
          "endpoint": "string"
        }
      ]
    },
    "kubeone_hosts": {
      "value": {
        "control_plane": {
          "bastion": "3.87.36.147",
          "bastion_port": 22,
          "bastion_user": "ubuntu",
          "cloud_provider": "aws",
          "cluster_name": "udagram",
          "hostnames": [
            "ip-172-31-28-246.ec2.internal",
            "ip-172-31-29-158.ec2.internal",
            "ip-172-31-30-218.ec2.internal"
          ],
          "private_address": [
            "172.31.28.246",
            "172.31.29.158",
            "172.31.30.218"
          ],
          "ssh_agent_socket": "env:SSH_AUTH_SOCK",
          "ssh_port": 22,
          "ssh_private_key_file": "",
          "ssh_user": "ubuntu"
        }
      },
      "type": [
        "object",
        {
          "control_plane": [
            "object",
            {
              "bastion": "string",
              "bastion_port": "number",
              "bastion_user": "string",
              "cloud_provider": "string",
              "cluster_name": "string",
              "hostnames": ["tuple", ["string", "string", "string"]],
              "private_address": ["tuple", ["string", "string", "string"]],
              "ssh_agent_socket": "string",
              "ssh_port": "number",
              "ssh_private_key_file": "string",
              "ssh_user": "string"
            }
          ]
        }
      ]
    },
    "kubeone_workers": {
      "value": {
        "udagram-us-east-1a": {
          "providerSpec": {
            "cloudProviderSpec": {
              "ami": "ami-00a208c7cdba991ea",
              "availabilityZone": "us-east-1a",
              "diskIops": 500,
              "diskSize": 50,
              "diskType": "gp2",
              "instanceProfile": "udagram-host",
              "instanceType": "t3.medium",
              "region": "us-east-1",
              "securityGroupIDs": ["sg-004e4c48a3ba12c74"],
              "subnetId": "subnet-08c8832c9b7c54807",
              "tags": {
                "udagram-workers": ""
              },
              "vpcId": "vpc-9c6917e6"
            },
            "operatingSystem": "ubuntu",
            "operatingSystemSpec": {
              "distUpgradeOnBoot": false
            },
            "sshPublicKeys": [
              "ssh-rsa AAAAB3NzaC1yc2EAAAADAQABAAABAQCxTKPdLuLD1tMpKKipa9+F/sGGVWHezUZFrsg2GBwSvue++fkDOhmLNme3crm/IEZyYYempetq45G+fbmAZpweSq5QyTp1h9MIduSdMNNHA9Aeq8vimnGIAm/CVg3qH8sMUmthtvPJFRLSX3zBlev5+udYNcvcjhIraatFvKxd6kbY/kGedKm/ZXBWGpKXTt3QsMsW4HsJh2Yvv02IxSEHkaxBJ6lmsp1PTBooOC1BpLwJ3LE4274qDv/seNT/8FUXHcqT1oa4kwwFD4E0t8khHERwCDsH9ZXipDni8NQxdYUDYkGmFfKJYFF/ZCs4GGDeAZgOcV3lt/BpiUTMVu3j kafuuma@kafuuma"
            ]
          },
          "replicas": 1
        },
        "udagram-us-east-1b": {
          "providerSpec": {
            "cloudProviderSpec": {
              "ami": "ami-00a208c7cdba991ea",
              "availabilityZone": "us-east-1b",
              "diskIops": 500,
              "diskSize": 50,
              "diskType": "gp2",
              "instanceProfile": "udagram-host",
              "instanceType": "t3.medium",
              "region": "us-east-1",
              "securityGroupIDs": ["sg-004e4c48a3ba12c74"],
              "subnetId": "subnet-0c6770375a9aa55b0",
              "tags": {
                "udagram-workers": ""
              },
              "vpcId": "vpc-9c6917e6"
            },
            "operatingSystem": "ubuntu",
            "operatingSystemSpec": {
              "distUpgradeOnBoot": false
            },
            "sshPublicKeys": [
              "ssh-rsa AAAAB3NzaC1yc2EAAAADAQABAAABAQCxTKPdLuLD1tMpKKipa9+F/sGGVWHezUZFrsg2GBwSvue++fkDOhmLNme3crm/IEZyYYempetq45G+fbmAZpweSq5QyTp1h9MIduSdMNNHA9Aeq8vimnGIAm/CVg3qH8sMUmthtvPJFRLSX3zBlev5+udYNcvcjhIraatFvKxd6kbY/kGedKm/ZXBWGpKXTt3QsMsW4HsJh2Yvv02IxSEHkaxBJ6lmsp1PTBooOC1BpLwJ3LE4274qDv/seNT/8FUXHcqT1oa4kwwFD4E0t8khHERwCDsH9ZXipDni8NQxdYUDYkGmFfKJYFF/ZCs4GGDeAZgOcV3lt/BpiUTMVu3j kafuuma@kafuuma"
            ]
          },
          "replicas": 1
        },
        "udagram-us-east-1c": {
          "providerSpec": {
            "cloudProviderSpec": {
              "ami": "ami-00a208c7cdba991ea",
              "availabilityZone": "us-east-1c",
              "diskIops": 500,
              "diskSize": 50,
              "diskType": "gp2",
              "instanceProfile": "udagram-host",
              "instanceType": "t3.medium",
              "region": "us-east-1",
              "securityGroupIDs": ["sg-004e4c48a3ba12c74"],
              "subnetId": "subnet-0c16fd15bbda7d745",
              "tags": {
                "udagram-workers": ""
              },
              "vpcId": "vpc-9c6917e6"
            },
            "operatingSystem": "ubuntu",
            "operatingSystemSpec": {
              "distUpgradeOnBoot": false
            },
            "sshPublicKeys": [
              "ssh-rsa AAAAB3NzaC1yc2EAAAADAQABAAABAQCxTKPdLuLD1tMpKKipa9+F/sGGVWHezUZFrsg2GBwSvue++fkDOhmLNme3crm/IEZyYYempetq45G+fbmAZpweSq5QyTp1h9MIduSdMNNHA9Aeq8vimnGIAm/CVg3qH8sMUmthtvPJFRLSX3zBlev5+udYNcvcjhIraatFvKxd6kbY/kGedKm/ZXBWGpKXTt3QsMsW4HsJh2Yvv02IxSEHkaxBJ6lmsp1PTBooOC1BpLwJ3LE4274qDv/seNT/8FUXHcqT1oa4kwwFD4E0t8khHERwCDsH9ZXipDni8NQxdYUDYkGmFfKJYFF/ZCs4GGDeAZgOcV3lt/BpiUTMVu3j kafuuma@kafuuma"
            ]
          },
          "replicas": 1
        }
      },
      "type": [
        "object",
        {
          "udagram-us-east-1a": [
            "object",
            {
              "providerSpec": [
                "object",
                {
                  "cloudProviderSpec": [
                    "object",
                    {
                      "ami": "string",
                      "availabilityZone": "string",
                      "diskIops": "number",
                      "diskSize": "number",
                      "diskType": "string",
                      "instanceProfile": "string",
                      "instanceType": "string",
                      "region": "string",
                      "securityGroupIDs": ["tuple", ["string"]],
                      "subnetId": "string",
                      "tags": [
                        "object",
                        {
                          "udagram-workers": "string"
                        }
                      ],
                      "vpcId": "string"
                    }
                  ],
                  "operatingSystem": "string",
                  "operatingSystemSpec": [
                    "object",
                    {
                      "distUpgradeOnBoot": "bool"
                    }
                  ],
                  "sshPublicKeys": ["tuple", ["string"]]
                }
              ],
              "replicas": "number"
            }
          ],
          "udagram-us-east-1b": [
            "object",
            {
              "providerSpec": [
                "object",
                {
                  "cloudProviderSpec": [
                    "object",
                    {
                      "ami": "string",

                      "availabilityZone": "string",
                      "diskIops": "number",
                      "diskSize": "number",
                      "diskType": "string",
                      "instanceProfile": "string",
                      "instanceType": "string",
                      "region": "string",
                      "securityGroupIDs": ["tuple", ["string"]],
                      "subnetId": "string",
                      "tags": [
                        "object",
                        {
                          "udagram-workers": "string"
                        }
                      ],
                      "vpcId": "string"
                    }
                  ],
                  "operatingSystem": "string",
                  "operatingSystemSpec": [
                    "object",
                    {
                      "distUpgradeOnBoot": "bool"
                    }
                  ],
                  "sshPublicKeys": ["tuple", ["string"]]
                }
              ],
              "replicas": "number"
            }
          ],
          "udagram-us-east-1c": [
            "object",
            {
              "providerSpec": [
                "object",
                {
                  "cloudProviderSpec": [
                    "object",
                    {
                      "ami": "string",
                      "availabilityZone": "string",
                      "diskIops": "number",
                      "diskSize": "number",
                      "diskType": "string",
                      "instanceProfile": "string",
                      "instanceType": "string",
                      "region": "string",
                      "securityGroupIDs": ["tuple", ["string"]],
                      "subnetId": "string",
                      "tags": [
                        "object",
                        {
                          "udagram-workers": "string"
                        }
                      ],
                      "vpcId": "string"
                    }
                  ],
                  "operatingSystem": "string",
                  "operatingSystemSpec": [
                    "object",
                    {
                      "distUpgradeOnBoot": "bool"
                    }
                  ],
                  "sshPublicKeys": ["tuple", ["string"]]
                }
              ],
              "replicas": "number"
            }
          ]
        }
      ]
    }
  },
  "resources": [
    {
      "mode": "data",
      "type": "aws_ami",
      "name": "ubuntu",
      "provider": "provider.aws",
      "instances": [
        {
          "schema_version": 0,
          "attributes": {
            "architecture": "x86_64",
            "block_device_mappings": [
              {
                "device_name": "/dev/sda1",
                "ebs": {
                  "delete_on_termination": "true",
                  "encrypted": "false",
                  "iops": "0",
                  "snapshot_id": "snap-029907fe15340e01b",
                  "volume_size": "8",
                  "volume_type": "gp2"
                },
                "no_device": "",
                "virtual_name": ""
              },
              {
                "device_name": "/dev/sdb",
                "ebs": {},
                "no_device": "",
                "virtual_name": "ephemeral0"
              },
              {
                "device_name": "/dev/sdc",
                "ebs": {},
                "no_device": "",
                "virtual_name": "ephemeral1"
              }
            ],
            "creation_date": "2019-11-13T19:28:03.000Z",
            "description": "Canonical, Ubuntu, 18.04 LTS, amd64 bionic image build on 2019-11-13",
            "executable_users": null,
            "filter": [
              {
                "name": "name",
                "values": [
                  "ubuntu/images/hvm-ssd/ubuntu-bionic-18.04-amd64-server-*"
                ]
              },
              {
                "name": "virtualization-type",
                "values": ["hvm"]
              }
            ],
            "hypervisor": "xen",
            "id": "ami-00a208c7cdba991ea",
            "image_id": "ami-00a208c7cdba991ea",
            "image_location": "099720109477/ubuntu/images/hvm-ssd/ubuntu-bionic-18.04-amd64-server-20191113",
            "image_owner_alias": null,
            "image_type": "machine",
            "kernel_id": null,
            "most_recent": true,
            "name": "ubuntu/images/hvm-ssd/ubuntu-bionic-18.04-amd64-server-20191113",
            "name_regex": null,
            "owner_id": "099720109477",
            "owners": ["099720109477"],
            "platform": null,
            "product_codes": [],
            "public": true,
            "ramdisk_id": null,
            "root_device_name": "/dev/sda1",
            "root_device_type": "ebs",
            "root_snapshot_id": "snap-029907fe15340e01b",
            "sriov_net_support": "simple",
            "state": "available",
            "state_reason": {
              "code": "UNSET",
              "message": "UNSET"
            },
            "tags": {},
            "virtualization_type": "hvm"
          }
        }
      ]
    },
    {
      "mode": "data",
      "type": "aws_availability_zones",
      "name": "available",
      "provider": "provider.aws",
      "instances": [
        {
          "schema_version": 0,
          "attributes": {
            "blacklisted_names": null,
            "blacklisted_zone_ids": null,
            "id": "2020-01-11 13:05:15.635247962 +0000 UTC",
            "names": [
              "us-east-1a",
              "us-east-1b",
              "us-east-1c",
              "us-east-1d",
              "us-east-1e",
              "us-east-1f"
            ],
            "state": "available",
            "zone_ids": [
              "use1-az2",
              "use1-az4",
              "use1-az6",
              "use1-az1",
              "use1-az3",
              "use1-az5"
            ]
          }
        }
      ]
    },
    {
      "mode": "data",
      "type": "aws_internet_gateway",
      "name": "default",
      "provider": "provider.aws",
      "instances": [
        {
          "schema_version": 0,
          "attributes": {
            "attachments": [
              {
                "state": "available",
                "vpc_id": "vpc-9c6917e6"
              }
            ],
            "filter": [
              {
                "name": "attachment.vpc-id",
                "values": ["vpc-9c6917e6"]
              }
            ],
            "id": "igw-e4f25f9f",
            "internet_gateway_id": "igw-e4f25f9f",
            "owner_id": "691454643160",
            "tags": {}
          }
        }
      ]
    },
    {
      "mode": "data",
      "type": "aws_vpc",
      "name": "selected",
      "provider": "provider.aws",
      "instances": [
        {
          "schema_version": 0,
          "attributes": {
            "arn": "arn:aws:ec2:us-east-1:691454643160:vpc/vpc-9c6917e6",
            "cidr_block": "172.31.0.0/16",
            "cidr_block_associations": [
              {
                "association_id": "vpc-cidr-assoc-19622975",
                "cidr_block": "172.31.0.0/16",
                "state": "associated"
              }
            ],
            "default": true,
            "dhcp_options_id": "dopt-297e6552",
            "enable_dns_hostnames": true,
            "enable_dns_support": true,
            "filter": null,
            "id": "vpc-9c6917e6",
            "instance_tenancy": "default",
            "ipv6_association_id": null,
            "ipv6_cidr_block": null,
            "main_route_table_id": "rtb-b1d411cf",
            "owner_id": "691454643160",
            "state": "available",
            "tags": {}
          }
        }
      ]
    },
    {
      "mode": "managed",
      "type": "aws_default_vpc",
      "name": "default",
      "provider": "provider.aws",
      "instances": [
        {
          "schema_version": 1,
          "attributes": {
            "arn": "arn:aws:ec2:us-east-1:691454643160:vpc/vpc-9c6917e6",
            "assign_generated_ipv6_cidr_block": false,
            "cidr_block": "172.31.0.0/16",
            "default_network_acl_id": "acl-feb21383",
            "default_route_table_id": "rtb-b1d411cf",
            "default_security_group_id": "sg-c8a92a97",
            "dhcp_options_id": "dopt-297e6552",
            "enable_classiclink": false,
            "enable_classiclink_dns_support": false,
            "enable_dns_hostnames": true,
            "enable_dns_support": true,
            "id": "vpc-9c6917e6",
            "instance_tenancy": "default",
            "ipv6_association_id": "",
            "ipv6_cidr_block": "",
            "main_route_table_id": "rtb-b1d411cf",
            "owner_id": "691454643160",
            "tags": {}
          },
          "private": "eyJzY2hlbWFfdmVyc2lvbiI6IjEifQ=="
        }
      ]
    },
    {
      "mode": "managed",
      "type": "aws_elb",
      "name": "control_plane",
      "provider": "provider.aws",
      "instances": [
        {
          "schema_version": 0,
          "attributes": {
            "access_logs": [],
            "arn": "arn:aws:elasticloadbalancing:us-east-1:691454643160:loadbalancer/udagram-api-lb",
            "availability_zones": ["us-east-1a", "us-east-1b", "us-east-1c"],
            "connection_draining": false,
            "connection_draining_timeout": 300,
            "cross_zone_load_balancing": true,
            "dns_name": "udagram-api-lb-107825066.us-east-1.elb.amazonaws.com",
            "health_check": [
              {
                "healthy_threshold": 2,
                "interval": 30,
                "target": "HTTPS:6443/healthz",
                "timeout": 3,
                "unhealthy_threshold": 2
              }
            ],
            "id": "udagram-api-lb",
            "idle_timeout": 600,
            "instances": [
              "i-080c86fc24f326fc3",
              "i-0968e6cdd10310069",
              "i-0db6590ae11536bb8"
            ],
            "internal": false,
            "listener": [
              {
                "instance_port": 6443,
                "instance_protocol": "tcp",
                "lb_port": 6443,
                "lb_protocol": "tcp",
                "ssl_certificate_id": ""
              }
            ],
            "name": "udagram-api-lb",
            "name_prefix": null,
            "security_groups": ["sg-004e4c48a3ba12c74", "sg-0b92ba26e7f20480f"],
            "source_security_group": "691454643160/udagram-common",
            "source_security_group_id": "sg-004e4c48a3ba12c74",
            "subnets": [
              "subnet-08c8832c9b7c54807",
              "subnet-0c16fd15bbda7d745",
              "subnet-0c6770375a9aa55b0"
            ],
            "tags": {
              "Cluster": "udagram",
              "kubernetes.io/cluster/udagram": "shared"
            },
            "zone_id": "Z35SXDOTRQ7X7K"
          },
          "private": "bnVsbA==",
          "dependencies": [
            "aws_iam_instance_profile.profile",
            "aws_instance.control_plane",
            "aws_key_pair.deployer",
            "aws_security_group.common",
            "aws_security_group.elb",
            "aws_subnet.public"
          ]
        }
      ]
    },
    {
      "mode": "managed",
      "type": "aws_iam_instance_profile",
      "name": "profile",
      "provider": "provider.aws",
      "instances": [
        {
          "schema_version": 0,
          "attributes": {
            "arn": "arn:aws:iam::691454643160:instance-profile/udagram-host",
            "create_date": "2019-12-28T21:19:13Z",
            "id": "udagram-host",
            "name": "udagram-host",
            "name_prefix": null,
            "path": "/",
            "role": "udagram-host",
            "roles": ["udagram-host"],
            "unique_id": "AIPA2B7PIRPMD52B2VZCL"
          },
          "private": "bnVsbA==",
          "dependencies": ["aws_iam_role.role"]
        }
      ]
    },
    {
      "mode": "managed",
      "type": "aws_iam_role",
      "name": "role",
      "provider": "provider.aws",
      "instances": [
        {
          "schema_version": 0,
          "attributes": {
            "arn": "arn:aws:iam::691454643160:role/udagram-host",
            "assume_role_policy": "{\"Version\":\"2012-10-17\",\"Statement\":[{\"Effect\":\"Allow\",\"Principal\":{\"Service\":\"ec2.amazonaws.com\"},\"Action\":\"sts:AssumeRole\"}]}",
            "create_date": "2019-12-28T21:19:10Z",
            "description": "",
            "force_detach_policies": false,
            "id": "udagram-host",
            "max_session_duration": 3600,
            "name": "udagram-host",
            "name_prefix": null,
            "path": "/",
            "permissions_boundary": null,
            "tags": {},
            "unique_id": "AROA2B7PIRPMOSNCX2VQD"
          },
          "private": "bnVsbA=="
        }
      ]
    },
    {
      "mode": "managed",
      "type": "aws_iam_role_policy",
      "name": "policy",
      "provider": "provider.aws",
      "instances": [
        {
          "schema_version": 0,
          "attributes": {
            "id": "udagram-host:udagram-host",
            "name": "udagram-host",
            "name_prefix": null,
            "policy": "{\"Statement\":[{\"Action\":[\"ec2:*\"],\"Effect\":\"Allow\",\"Resource\":[\"*\"]},{\"Action\":[\"elasticloadbalancing:*\"],\"Effect\":\"Allow\",\"Resource\":[\"*\"]}],\"Version\":\"2012-10-17\"}",
            "role": "udagram-host"
          },
          "private": "bnVsbA==",
          "dependencies": ["aws_iam_role.role"]
        }
      ]
    },
    {
      "mode": "managed",
      "type": "aws_instance",
      "name": "bastion",
      "provider": "provider.aws",
      "instances": [
        {
          "schema_version": 1,
          "attributes": {
            "ami": "ami-00a208c7cdba991ea",
            "arn": "arn:aws:ec2:us-east-1:691454643160:instance/i-0c76c319659c9a80a",
            "associate_public_ip_address": true,
            "availability_zone": "us-east-1a",
            "cpu_core_count": 1,
            "cpu_threads_per_core": 2,
            "credit_specification": [
              {
                "cpu_credits": "unlimited"
              }
            ],
            "disable_api_termination": false,
            "ebs_block_device": [],
            "ebs_optimized": false,
            "ephemeral_block_device": [],
            "get_password_data": false,
            "host_id": null,
            "iam_instance_profile": "",
            "id": "i-0c76c319659c9a80a",
            "instance_initiated_shutdown_behavior": null,
            "instance_state": "running",
            "instance_type": "t3.nano",
            "ipv6_address_count": 0,
            "ipv6_addresses": [],
            "key_name": "udagram-deployer-key",
            "monitoring": false,
            "network_interface": [],
            "network_interface_id": null,
            "password_data": "",
            "placement_group": "",
            "primary_network_interface_id": "eni-07ff65adca6a03a36",
            "private_dns": "ip-172-31-28-96.ec2.internal",
            "private_ip": "172.31.28.96",
            "public_dns": "ec2-3-87-36-147.compute-1.amazonaws.com",
            "public_ip": "3.87.36.147",
            "root_block_device": [
              {
                "delete_on_termination": true,
                "encrypted": false,
                "iops": 300,
                "kms_key_id": "",
                "volume_id": "vol-03d7b7c0017479c44",
                "volume_size": 100,
                "volume_type": "gp2"
              }
            ],
            "security_groups": ["udagram-common", "udagram-ssh"],
            "source_dest_check": true,
            "subnet_id": "subnet-08c8832c9b7c54807",
            "tags": {
              "Cluster": "udagram",
              "Name": "udagram-bastion",
              "kubernetes.io/cluster/udagram": "shared"
            },
            "tenancy": "default",
            "timeouts": null,
            "user_data": null,
            "user_data_base64": null,
            "volume_tags": {},
            "vpc_security_group_ids": [
              "sg-004e4c48a3ba12c74",
              "sg-0ed0f87537788e2f8"
            ]
          },
          "private": "eyJlMmJmYjczMC1lY2FhLTExZTYtOGY4OC0zNDM2M2JjN2M0YzAiOnsiY3JlYXRlIjo2MDAwMDAwMDAwMDAsImRlbGV0ZSI6MTIwMDAwMDAwMDAwMCwidXBkYXRlIjo2MDAwMDAwMDAwMDB9LCJzY2hlbWFfdmVyc2lvbiI6IjEifQ==",
          "dependencies": [
            "aws_key_pair.deployer",
            "aws_security_group.common",
            "aws_security_group.ssh",
            "aws_subnet.public",
            "random_integer.cidr_block"
          ]
        }
      ]
    },
    {
      "mode": "managed",
      "type": "aws_instance",
      "name": "control_plane",
      "each": "list",
      "provider": "provider.aws",
      "instances": [
        {
          "index_key": 0,
          "schema_version": 1,
          "attributes": {
            "ami": "ami-00a208c7cdba991ea",
            "arn": "arn:aws:ec2:us-east-1:691454643160:instance/i-080c86fc24f326fc3",
            "associate_public_ip_address": true,
            "availability_zone": "us-east-1a",
            "cpu_core_count": 1,
            "cpu_threads_per_core": 2,
            "credit_specification": [
              {
                "cpu_credits": "unlimited"
              }
            ],
            "disable_api_termination": false,
            "ebs_block_device": [],
            "ebs_optimized": true,
            "ephemeral_block_device": [],
            "get_password_data": false,
            "host_id": null,
            "iam_instance_profile": "udagram-host",
            "id": "i-080c86fc24f326fc3",
            "instance_initiated_shutdown_behavior": null,
            "instance_state": "running",
            "instance_type": "t3.medium",
            "ipv6_address_count": 0,
            "ipv6_addresses": [],
            "key_name": "udagram-deployer-key",
            "monitoring": false,
            "network_interface": [],
            "network_interface_id": null,
            "password_data": "",
            "placement_group": "",
            "primary_network_interface_id": "eni-039af83df8a726cee",
            "private_dns": "ip-172-31-28-246.ec2.internal",
            "private_ip": "172.31.28.246",
            "public_dns": "ec2-3-84-41-169.compute-1.amazonaws.com",
            "public_ip": "3.84.41.169",
            "root_block_device": [
              {
                "delete_on_termination": true,
                "encrypted": false,
                "iops": 300,
                "kms_key_id": "",
                "volume_id": "vol-0fc4ebb0b22c5c307",
                "volume_size": 100,
                "volume_type": "gp2"
              }
            ],
            "security_groups": ["udagram-common"],
            "source_dest_check": true,
            "subnet_id": "subnet-08c8832c9b7c54807",
            "tags": {
              "Name": "udagram-cp-1",
              "kubernetes.io/cluster/udagram": "shared"
            },
            "tenancy": "default",
            "timeouts": null,
            "user_data": null,
            "user_data_base64": null,
            "volume_tags": {},
            "vpc_security_group_ids": ["sg-004e4c48a3ba12c74"]
          },
          "private": "eyJlMmJmYjczMC1lY2FhLTExZTYtOGY4OC0zNDM2M2JjN2M0YzAiOnsiY3JlYXRlIjo2MDAwMDAwMDAwMDAsImRlbGV0ZSI6MTIwMDAwMDAwMDAwMCwidXBkYXRlIjo2MDAwMDAwMDAwMDB9LCJzY2hlbWFfdmVyc2lvbiI6IjEifQ==",
          "dependencies": [
            "aws_iam_instance_profile.profile",
            "aws_key_pair.deployer",
            "aws_security_group.common",
            "aws_subnet.public"
          ]
        },
        {
          "index_key": 1,
          "schema_version": 1,
          "attributes": {
            "ami": "ami-00a208c7cdba991ea",
            "arn": "arn:aws:ec2:us-east-1:691454643160:instance/i-0968e6cdd10310069",
            "associate_public_ip_address": true,
            "availability_zone": "us-east-1b",
            "cpu_core_count": 1,
            "cpu_threads_per_core": 2,
            "credit_specification": [
              {
                "cpu_credits": "unlimited"
              }
            ],
            "disable_api_termination": false,
            "ebs_block_device": [],
            "ebs_optimized": true,
            "ephemeral_block_device": [],
            "get_password_data": false,
            "host_id": null,
            "iam_instance_profile": "udagram-host",
            "id": "i-0968e6cdd10310069",
            "instance_initiated_shutdown_behavior": null,
            "instance_state": "running",
            "instance_type": "t3.medium",
            "ipv6_address_count": 0,
            "ipv6_addresses": [],
            "key_name": "udagram-deployer-key",
            "monitoring": false,
            "network_interface": [],
            "network_interface_id": null,
            "password_data": "",
            "placement_group": "",
            "primary_network_interface_id": "eni-0aff43f95a08fd15e",
            "private_dns": "ip-172-31-29-158.ec2.internal",
            "private_ip": "172.31.29.158",
            "public_dns": "ec2-34-227-221-219.compute-1.amazonaws.com",
            "public_ip": "34.227.221.219",
            "root_block_device": [
              {
                "delete_on_termination": true,
                "encrypted": false,
                "iops": 300,
                "kms_key_id": "",
                "volume_id": "vol-0a2a8b2c576e37e3a",
                "volume_size": 100,
                "volume_type": "gp2"
              }
            ],
            "security_groups": ["udagram-common"],
            "source_dest_check": true,
            "subnet_id": "subnet-0c6770375a9aa55b0",
            "tags": {
              "Name": "udagram-cp-2",
              "kubernetes.io/cluster/udagram": "shared"
            },
            "tenancy": "default",
            "timeouts": null,
            "user_data": null,
            "user_data_base64": null,
            "volume_tags": {},
            "vpc_security_group_ids": ["sg-004e4c48a3ba12c74"]
          },
          "private": "eyJlMmJmYjczMC1lY2FhLTExZTYtOGY4OC0zNDM2M2JjN2M0YzAiOnsiY3JlYXRlIjo2MDAwMDAwMDAwMDAsImRlbGV0ZSI6MTIwMDAwMDAwMDAwMCwidXBkYXRlIjo2MDAwMDAwMDAwMDB9LCJzY2hlbWFfdmVyc2lvbiI6IjEifQ==",
          "dependencies": [
            "aws_iam_instance_profile.profile",
            "aws_key_pair.deployer",
            "aws_security_group.common",
            "aws_subnet.public"
          ]
        },
        {
          "index_key": 2,
          "schema_version": 1,
          "attributes": {
            "ami": "ami-00a208c7cdba991ea",
            "arn": "arn:aws:ec2:us-east-1:691454643160:instance/i-0db6590ae11536bb8",
            "associate_public_ip_address": true,
            "availability_zone": "us-east-1c",
            "cpu_core_count": 1,
            "cpu_threads_per_core": 2,
            "credit_specification": [
              {
                "cpu_credits": "unlimited"
              }
            ],
            "disable_api_termination": false,
            "ebs_block_device": [],
            "ebs_optimized": true,
            "ephemeral_block_device": [],
            "get_password_data": false,
            "host_id": null,
            "iam_instance_profile": "udagram-host",
            "id": "i-0db6590ae11536bb8",
            "instance_initiated_shutdown_behavior": null,
            "instance_state": "running",
            "instance_type": "t3.medium",
            "ipv6_address_count": 0,
            "ipv6_addresses": [],
            "key_name": "udagram-deployer-key",
            "monitoring": false,
            "network_interface": [],
            "network_interface_id": null,
            "password_data": "",
            "placement_group": "",
            "primary_network_interface_id": "eni-07b9192b3c4320336",
            "private_dns": "ip-172-31-30-218.ec2.internal",
            "private_ip": "172.31.30.218",
            "public_dns": "ec2-184-73-78-87.compute-1.amazonaws.com",
            "public_ip": "184.73.78.87",
            "root_block_device": [
              {
                "delete_on_termination": true,
                "encrypted": false,
                "iops": 300,
                "kms_key_id": "",
                "volume_id": "vol-0003e3317bce1c9ed",
                "volume_size": 100,
                "volume_type": "gp2"
              }
            ],
            "security_groups": ["udagram-common"],
            "source_dest_check": true,
            "subnet_id": "subnet-0c16fd15bbda7d745",
            "tags": {
              "Name": "udagram-cp-3",
              "kubernetes.io/cluster/udagram": "shared"
            },
            "tenancy": "default",
            "timeouts": null,
            "user_data": null,
            "user_data_base64": null,
            "volume_tags": {},
            "vpc_security_group_ids": ["sg-004e4c48a3ba12c74"]
          },
          "private": "eyJlMmJmYjczMC1lY2FhLTExZTYtOGY4OC0zNDM2M2JjN2M0YzAiOnsiY3JlYXRlIjo2MDAwMDAwMDAwMDAsImRlbGV0ZSI6MTIwMDAwMDAwMDAwMCwidXBkYXRlIjo2MDAwMDAwMDAwMDB9LCJzY2hlbWFfdmVyc2lvbiI6IjEifQ==",
          "dependencies": [
            "aws_iam_instance_profile.profile",
            "aws_key_pair.deployer",
            "aws_security_group.common",
            "aws_subnet.public"
          ]
        }
      ]
    },
    {
      "mode": "managed",
      "type": "aws_key_pair",
      "name": "deployer",
      "provider": "provider.aws",
      "instances": [
        {
          "schema_version": 1,
          "attributes": {
            "fingerprint": "13:52:66:ed:a9:65:4d:dd:be:e9:e3:6f:2a:25:0b:c6",
            "id": "udagram-deployer-key",
            "key_name": "udagram-deployer-key",
            "key_name_prefix": null,
            "public_key": "ssh-rsa AAAAB3NzaC1yc2EAAAADAQABAAABAQCxTKPdLuLD1tMpKKipa9+F/sGGVWHezUZFrsg2GBwSvue++fkDOhmLNme3crm/IEZyYYempetq45G+fbmAZpweSq5QyTp1h9MIduSdMNNHA9Aeq8vimnGIAm/CVg3qH8sMUmthtvPJFRLSX3zBlev5+udYNcvcjhIraatFvKxd6kbY/kGedKm/ZXBWGpKXTt3QsMsW4HsJh2Yvv02IxSEHkaxBJ6lmsp1PTBooOC1BpLwJ3LE4274qDv/seNT/8FUXHcqT1oa4kwwFD4E0t8khHERwCDsH9ZXipDni8NQxdYUDYkGmFfKJYFF/ZCs4GGDeAZgOcV3lt/BpiUTMVu3j kafuuma@kafuuma"
          },
          "private": "eyJzY2hlbWFfdmVyc2lvbiI6IjEifQ=="
        }
      ]
    },
    {
      "mode": "managed",
      "type": "aws_security_group",
      "name": "common",
      "provider": "provider.aws",
      "instances": [
        {
          "schema_version": 1,
          "attributes": {
            "arn": "arn:aws:ec2:us-east-1:691454643160:security-group/sg-004e4c48a3ba12c74",
            "description": "cluster common rules",
            "egress": [
              {
                "cidr_blocks": ["0.0.0.0/0"],
                "description": "allow all outgoing traffic",
                "from_port": 0,
                "ipv6_cidr_blocks": [],
                "prefix_list_ids": [],
                "protocol": "-1",
                "security_groups": [],
                "self": false,
                "to_port": 0
              }
            ],
            "id": "sg-004e4c48a3ba12c74",
            "ingress": [
              {
                "cidr_blocks": [],
                "description": "allow all incomming traffic from members of this group",
                "from_port": 0,
                "ipv6_cidr_blocks": [],
                "prefix_list_ids": [],
                "protocol": "-1",
                "security_groups": [],
                "self": true,
                "to_port": 0
              }
            ],
            "name": "udagram-common",
            "name_prefix": null,
            "owner_id": "691454643160",
            "revoke_rules_on_delete": false,
            "tags": {
              "Cluster": "udagram",
              "kubernetes.io/cluster/udagram": "shared"
            },
            "timeouts": null,
            "vpc_id": "vpc-9c6917e6"
          },
          "private": "eyJlMmJmYjczMC1lY2FhLTExZTYtOGY4OC0zNDM2M2JjN2M0YzAiOnsiY3JlYXRlIjo2MDAwMDAwMDAwMDAsImRlbGV0ZSI6NjAwMDAwMDAwMDAwfSwic2NoZW1hX3ZlcnNpb24iOiIxIn0=",
          "dependencies": ["aws_default_vpc.default"]
        }
      ]
    },
    {
      "mode": "managed",
      "type": "aws_security_group",
      "name": "elb",
      "provider": "provider.aws",
      "instances": [
        {
          "schema_version": 1,
          "attributes": {
            "arn": "arn:aws:ec2:us-east-1:691454643160:security-group/sg-0b92ba26e7f20480f",
            "description": "kube-api firewall",
            "egress": [
              {
                "cidr_blocks": ["0.0.0.0/0"],
                "description": "allow all outgoing traffic",
                "from_port": 0,
                "ipv6_cidr_blocks": [],
                "prefix_list_ids": [],
                "protocol": "-1",
                "security_groups": [],
                "self": false,
                "to_port": 0
              }
            ],
            "id": "sg-0b92ba26e7f20480f",
            "ingress": [
              {
                "cidr_blocks": ["0.0.0.0/0"],
                "description": "allow anyone to connect to tcp/6443",
                "from_port": 6443,
                "ipv6_cidr_blocks": [],
                "prefix_list_ids": [],
                "protocol": "tcp",
                "security_groups": [],
                "self": false,
                "to_port": 6443
              }
            ],
            "name": "udagram-api-lb",
            "name_prefix": null,
            "owner_id": "691454643160",
            "revoke_rules_on_delete": false,
            "tags": {
              "Cluster": "udagram"
            },
            "timeouts": null,
            "vpc_id": "vpc-9c6917e6"
          },
          "private": "eyJlMmJmYjczMC1lY2FhLTExZTYtOGY4OC0zNDM2M2JjN2M0YzAiOnsiY3JlYXRlIjo2MDAwMDAwMDAwMDAsImRlbGV0ZSI6NjAwMDAwMDAwMDAwfSwic2NoZW1hX3ZlcnNpb24iOiIxIn0=",
          "dependencies": ["aws_default_vpc.default"]
        }
      ]
    },
    {
      "mode": "managed",
      "type": "aws_security_group",
      "name": "ssh",
      "provider": "provider.aws",
      "instances": [
        {
          "schema_version": 1,
          "attributes": {
            "arn": "arn:aws:ec2:us-east-1:691454643160:security-group/sg-0ed0f87537788e2f8",
            "description": "ssh access",
            "egress": [],
            "id": "sg-0ed0f87537788e2f8",
            "ingress": [
              {
                "cidr_blocks": ["0.0.0.0/0"],
                "description": "allow incomming SSH",
                "from_port": 22,
                "ipv6_cidr_blocks": [],
                "prefix_list_ids": [],
                "protocol": "tcp",
                "security_groups": [],
                "self": false,
                "to_port": 22
              }
            ],
            "name": "udagram-ssh",
            "name_prefix": null,
            "owner_id": "691454643160",
            "revoke_rules_on_delete": false,
            "tags": {
              "Cluster": "udagram"
            },
            "timeouts": null,
            "vpc_id": "vpc-9c6917e6"
          },
          "private": "eyJlMmJmYjczMC1lY2FhLTExZTYtOGY4OC0zNDM2M2JjN2M0YzAiOnsiY3JlYXRlIjo2MDAwMDAwMDAwMDAsImRlbGV0ZSI6NjAwMDAwMDAwMDAwfSwic2NoZW1hX3ZlcnNpb24iOiIxIn0=",
          "dependencies": ["aws_default_vpc.default"]
        }
      ]
    },
    {
      "mode": "managed",
      "type": "aws_security_group_rule",
      "name": "egress_allow_all",
      "provider": "provider.aws",
      "instances": [
        {
          "schema_version": 2,
          "attributes": {
            "cidr_blocks": ["0.0.0.0/0"],
            "description": "allow all outgoing traffic",
            "from_port": 0,
            "id": "sgrule-900784394",
            "ipv6_cidr_blocks": [],
            "prefix_list_ids": [],
            "protocol": "-1",
            "security_group_id": "sg-004e4c48a3ba12c74",
            "self": false,
            "source_security_group_id": null,
            "to_port": 0,
            "type": "egress"
          },
          "private": "eyJzY2hlbWFfdmVyc2lvbiI6IjIifQ==",
          "dependencies": [
            "aws_default_vpc.default",
            "aws_security_group.common"
          ]
        }
      ]
    },
    {
      "mode": "managed",
      "type": "aws_security_group_rule",
      "name": "ingress_self_allow_all",
      "provider": "provider.aws",
      "instances": [
        {
          "schema_version": 2,
          "attributes": {
            "cidr_blocks": [],
            "description": "allow all incomming traffic from members of this group",
            "from_port": 0,
            "id": "sgrule-4207607380",
            "ipv6_cidr_blocks": [],
            "prefix_list_ids": [],
            "protocol": "-1",
            "security_group_id": "sg-004e4c48a3ba12c74",
            "self": true,
            "source_security_group_id": "sg-004e4c48a3ba12c74",
            "to_port": 0,
            "type": "ingress"
          },
          "private": "eyJzY2hlbWFfdmVyc2lvbiI6IjIifQ==",
          "dependencies": [
            "aws_default_vpc.default",
            "aws_security_group.common"
          ]
        }
      ]
    },
    {
      "mode": "managed",
      "type": "aws_security_group_rule",
      "name": "nodeports",
      "each": "list",
      "provider": "provider.aws",
      "instances": []
    },
    {
      "mode": "managed",
      "type": "aws_subnet",
      "name": "public",
      "each": "list",
      "provider": "provider.aws",
      "instances": [
        {
          "index_key": 0,
          "schema_version": 1,
          "attributes": {
            "arn": "arn:aws:ec2:us-east-1:691454643160:subnet/subnet-08c8832c9b7c54807",
            "assign_ipv6_address_on_creation": false,
            "availability_zone": "us-east-1a",
            "availability_zone_id": "use1-az2",
            "cidr_block": "172.31.28.0/24",
            "id": "subnet-08c8832c9b7c54807",
            "ipv6_cidr_block": "",
            "ipv6_cidr_block_association_id": "",
            "map_public_ip_on_launch": true,
            "owner_id": "691454643160",
            "tags": {
              "Cluster": "udagram",
              "Name": "udagram-us-east-1a",
              "kubernetes.io/cluster/udagram": "shared"
            },
            "timeouts": null,
            "vpc_id": "vpc-9c6917e6"
          },
          "private": "eyJlMmJmYjczMC1lY2FhLTExZTYtOGY4OC0zNDM2M2JjN2M0YzAiOnsiY3JlYXRlIjo2MDAwMDAwMDAwMDAsImRlbGV0ZSI6MTIwMDAwMDAwMDAwMH0sInNjaGVtYV92ZXJzaW9uIjoiMSJ9",
          "dependencies": ["random_integer.cidr_block"]
        },
        {
          "index_key": 1,
          "schema_version": 1,
          "attributes": {
            "arn": "arn:aws:ec2:us-east-1:691454643160:subnet/subnet-0c6770375a9aa55b0",
            "assign_ipv6_address_on_creation": false,
            "availability_zone": "us-east-1b",
            "availability_zone_id": "use1-az4",
            "cidr_block": "172.31.29.0/24",
            "id": "subnet-0c6770375a9aa55b0",
            "ipv6_cidr_block": "",
            "ipv6_cidr_block_association_id": "",
            "map_public_ip_on_launch": true,
            "owner_id": "691454643160",
            "tags": {
              "Cluster": "udagram",
              "Name": "udagram-us-east-1b",
              "kubernetes.io/cluster/udagram": "shared"
            },
            "timeouts": null,
            "vpc_id": "vpc-9c6917e6"
          },
          "private": "eyJlMmJmYjczMC1lY2FhLTExZTYtOGY4OC0zNDM2M2JjN2M0YzAiOnsiY3JlYXRlIjo2MDAwMDAwMDAwMDAsImRlbGV0ZSI6MTIwMDAwMDAwMDAwMH0sInNjaGVtYV92ZXJzaW9uIjoiMSJ9",
          "dependencies": ["random_integer.cidr_block"]
        },
        {
          "index_key": 2,
          "schema_version": 1,
          "attributes": {
            "arn": "arn:aws:ec2:us-east-1:691454643160:subnet/subnet-0c16fd15bbda7d745",
            "assign_ipv6_address_on_creation": false,
            "availability_zone": "us-east-1c",
            "availability_zone_id": "use1-az6",
            "cidr_block": "172.31.30.0/24",
            "id": "subnet-0c16fd15bbda7d745",
            "ipv6_cidr_block": "",
            "ipv6_cidr_block_association_id": "",
            "map_public_ip_on_launch": true,
            "owner_id": "691454643160",
            "tags": {
              "Cluster": "udagram",
              "Name": "udagram-us-east-1c",
              "kubernetes.io/cluster/udagram": "shared"
            },
            "timeouts": null,
            "vpc_id": "vpc-9c6917e6"
          },
          "private": "eyJlMmJmYjczMC1lY2FhLTExZTYtOGY4OC0zNDM2M2JjN2M0YzAiOnsiY3JlYXRlIjo2MDAwMDAwMDAwMDAsImRlbGV0ZSI6MTIwMDAwMDAwMDAwMH0sInNjaGVtYV92ZXJzaW9uIjoiMSJ9",
          "dependencies": ["random_integer.cidr_block"]
        }
      ]
    },
    {
      "mode": "managed",
      "type": "random_integer",
      "name": "cidr_block",
      "provider": "provider.random",
      "instances": [
        {
          "schema_version": 0,
          "attributes": {
            "id": "28",
            "keepers": null,
            "max": 255,
            "min": 0,
            "result": 28,
            "seed": null
          },
          "private": "bnVsbA==",
          "dependencies": ["aws_default_vpc.default"]
        }
      ]
    }
  ]
}
